// !$*UTF8*$!
{
	archiveVersion = 1;
	classes = {
	};
	objectVersion = 77;
	objects = {

/* Begin PBXBuildFile section */
		06FEDCD7C0B9E330FD7446B1 /* TranscriptionEngineLauncher.swift in Sources */ = {isa = PBXBuildFile; fileRef = 0EBF985223CD90A470585193 /* TranscriptionEngineLauncher.swift */; };
		07F07276EB6A644E274D49E7 /* DiskSpace.swift in Sources */ = {isa = PBXBuildFile; fileRef = 5E147CC5253E4610E310F1CB /* DiskSpace.swift */; };
		0B5DCAFE8C2826103D70EC77 /* MediaItem.swift in Sources */ = {isa = PBXBuildFile; fileRef = 5EEA4AB8BDF7C2D8020F95EB /* MediaItem.swift */; };
		1D2AE60A87B33C8EEC6D666D /* DownloadFormatTests.swift in Sources */ = {isa = PBXBuildFile; fileRef = DE03AD2EDD68D6A4180AD93C /* DownloadFormatTests.swift */; };
		214DAEC17727A224E3CE409B /* XCTAssertEqualOptional.swift in Sources */ = {isa = PBXBuildFile; fileRef = 4129347307FEDCB6F98C507A /* XCTAssertEqualOptional.swift */; };
		25BB2EDD09AFD001CF71F591 /* SidecarJSON.swift in Sources */ = {isa = PBXBuildFile; fileRef = B6C3A63F5F631680D554BDF0 /* SidecarJSON.swift */; };
		2F885DBB0AC8F43EA911EA77 /* BinaryLocator.swift in Sources */ = {isa = PBXBuildFile; fileRef = 01BA9DD516EB837459A0A13B /* BinaryLocator.swift */; };
		30B8364EA68B508C06CA4A64 /* FormatProbeTests.swift in Sources */ = {isa = PBXBuildFile; fileRef = 64D8FEB80E0F3CBD9C3E081B /* FormatProbeTests.swift */; };
		3EC29B4EFC66C1DAFA4B06C4 /* DownloadFormat.swift in Sources */ = {isa = PBXBuildFile; fileRef = 384F2E9FFDB66551068CDA3A /* DownloadFormat.swift */; };
		44D85B371ACACC4C5C93C18C /* bin in Resources */ = {isa = PBXBuildFile; fileRef = 3995AC32D7E79E8F9AC79516 /* bin */; };
		451E37BB55FE17B222FACE28 /* QueueModel.swift in Sources */ = {isa = PBXBuildFile; fileRef = 930F0E9378F0EF07A9308F79 /* QueueModel.swift */; };
		4DC57A392A431B155A14D85D /* PlaylistResolver.swift in Sources */ = {isa = PBXBuildFile; fileRef = 752389172F413758213363C6 /* PlaylistResolver.swift */; };
		51581AB4FAE1638F369E69D2 /* URLClassifierTests.swift in Sources */ = {isa = PBXBuildFile; fileRef = 5119CE3F1DA6C70E3AB2651C /* URLClassifierTests.swift */; };
		5E84CFA3A476AB4B47440D73 /* VideoDownloaderApp.swift in Sources */ = {isa = PBXBuildFile; fileRef = 6F77B72485BD95F70BB2865E /* VideoDownloaderApp.swift */; };
		5EC757897512649D1D8BFCA6 /* URLClassifier.swift in Sources */ = {isa = PBXBuildFile; fileRef = 3E5DA7CF1ED3C01C546D0E82 /* URLClassifier.swift */; };
		5EEF792261F75276B2ECAFBF /* FFmpegRunner.swift in Sources */ = {isa = PBXBuildFile; fileRef = FB264BCCB3B83E49228819F3 /* FFmpegRunner.swift */; };
		5F7E40D96881E439A2AB55C8 /* DriveCheck.swift in Sources */ = {isa = PBXBuildFile; fileRef = AEE9E962FE14B5529F70B85C /* DriveCheck.swift */; };
		607658E06CB1234648BA17AE /* ProgressParser.swift in Sources */ = {isa = PBXBuildFile; fileRef = F75B8A48CFFA0A5B27324E9B /* ProgressParser.swift */; };
		6B69A9875D5E4A24047D396C /* SiteSource.swift in Sources */ = {isa = PBXBuildFile; fileRef = 4C5313CB1975DCC2C0F1132E /* SiteSource.swift */; };
		73C404B398581040C7D19785 /* VideoDownloaderTests.swift in Sources */ = {isa = PBXBuildFile; fileRef = 12AF7E3DD31EFF586A02E1CB /* VideoDownloaderTests.swift */; };
		882300AB6DAC02F31DEFFD77 /* YTDLPRunner.swift in Sources */ = {isa = PBXBuildFile; fileRef = AE6DAE721795617B6D2F10A7 /* YTDLPRunner.swift */; };
		ADA47E6D709FC91B57C60946 /* Updater.swift in Sources */ = {isa = PBXBuildFile; fileRef = B4274F80A5D9864A23E6A657 /* Updater.swift */; };
		B479BB98FE9E6DDA22B1D00E /* SidecarJSONTests.swift in Sources */ = {isa = PBXBuildFile; fileRef = 22BA51AE442BED87728E92BD /* SidecarJSONTests.swift */; };
		CAED2E2D4FAD8E6E70D3574E /* SidecarWriter.swift in Sources */ = {isa = PBXBuildFile; fileRef = 58EF64CC45255D5C7C7D2EED /* SidecarWriter.swift */; };
		EAB48D1A819C3423DFC58468 /* LibraryModel.swift in Sources */ = {isa = PBXBuildFile; fileRef = 697988F0301816A4FC134EA7 /* LibraryModel.swift */; };
		F6770C78FADF3DB23493E61F /* FormatProbe.swift in Sources */ = {isa = PBXBuildFile; fileRef = F91073F0D7B9E4178B46E33A /* FormatProbe.swift */; };
		FB55AEC534CF3B3FE34F0BCE /* ProgressParserTests.swift in Sources */ = {isa = PBXBuildFile; fileRef = 5D36C32677310BE9EF0F5819 /* ProgressParserTests.swift */; };
/* End PBXBuildFile section */

/* Begin PBXContainerItemProxy section */
		37ED72B7154FC3CC39055080 /* PBXContainerItemProxy */ = {
			isa = PBXContainerItemProxy;
			containerPortal = 3181598F6E68DE9779C5799F /* Project object */;
			proxyType = 1;
			remoteGlobalIDString = 0E020923ED467261C25442BB;
			remoteInfo = VideoDownloader;
		};
/* End PBXContainerItemProxy section */

/* Begin PBXFileReference section */
		01BA9DD516EB837459A0A13B /* BinaryLocator.swift */ = {isa = PBXFileReference; lastKnownFileType = sourcecode.swift; path = BinaryLocator.swift; sourceTree = "<group>"; };
		0EBF985223CD90A470585193 /* TranscriptionEngineLauncher.swift */ = {isa = PBXFileReference; lastKnownFileType = sourcecode.swift; path = TranscriptionEngineLauncher.swift; sourceTree = "<group>"; };
		12AF7E3DD31EFF586A02E1CB /* VideoDownloaderTests.swift */ = {isa = PBXFileReference; lastKnownFileType = sourcecode.swift; path = VideoDownloaderTests.swift; sourceTree = "<group>"; };
		22BA51AE442BED87728E92BD /* SidecarJSONTests.swift */ = {isa = PBXFileReference; lastKnownFileType = sourcecode.swift; path = SidecarJSONTests.swift; sourceTree = "<group>"; };
		384F2E9FFDB66551068CDA3A /* DownloadFormat.swift */ = {isa = PBXFileReference; lastKnownFileType = sourcecode.swift; path = DownloadFormat.swift; sourceTree = "<group>"; };
		3995AC32D7E79E8F9AC79516 /* bin */ = {isa = PBXFileReference; lastKnownFileType = folder; name = bin; path = VideoDownloader/Resources/bin; sourceTree = SOURCE_ROOT; };
		3E5DA7CF1ED3C01C546D0E82 /* URLClassifier.swift */ = {isa = PBXFileReference; lastKnownFileType = sourcecode.swift; path = URLClassifier.swift; sourceTree = "<group>"; };
		4129347307FEDCB6F98C507A /* XCTAssertEqualOptional.swift */ = {isa = PBXFileReference; lastKnownFileType = sourcecode.swift; path = XCTAssertEqualOptional.swift; sourceTree = "<group>"; };
		4C5313CB1975DCC2C0F1132E /* SiteSource.swift */ = {isa = PBXFileReference; lastKnownFileType = sourcecode.swift; path = SiteSource.swift; sourceTree = "<group>"; };
		5119CE3F1DA6C70E3AB2651C /* URLClassifierTests.swift */ = {isa = PBXFileReference; lastKnownFileType = sourcecode.swift; path = URLClassifierTests.swift; sourceTree = "<group>"; };
		58EF64CC45255D5C7C7D2EED /* SidecarWriter.swift */ = {isa = PBXFileReference; lastKnownFileType = sourcecode.swift; path = SidecarWriter.swift; sourceTree = "<group>"; };
		5A422EF2A2C3B0409D041D1D /* VideoDownloaderTests.xctest */ = {isa = PBXFileReference; explicitFileType = wrapper.cfbundle; includeInIndex = 0; path = VideoDownloaderTests.xctest; sourceTree = BUILT_PRODUCTS_DIR; };
		5D36C32677310BE9EF0F5819 /* ProgressParserTests.swift */ = {isa = PBXFileReference; lastKnownFileType = sourcecode.swift; path = ProgressParserTests.swift; sourceTree = "<group>"; };
		5E147CC5253E4610E310F1CB /* DiskSpace.swift */ = {isa = PBXFileReference; lastKnownFileType = sourcecode.swift; path = DiskSpace.swift; sourceTree = "<group>"; };
		5EEA4AB8BDF7C2D8020F95EB /* MediaItem.swift */ = {isa = PBXFileReference; lastKnownFileType = sourcecode.swift; path = MediaItem.swift; sourceTree = "<group>"; };
		64D8FEB80E0F3CBD9C3E081B /* FormatProbeTests.swift */ = {isa = PBXFileReference; lastKnownFileType = sourcecode.swift; path = FormatProbeTests.swift; sourceTree = "<group>"; };
		697988F0301816A4FC134EA7 /* LibraryModel.swift */ = {isa = PBXFileReference; lastKnownFileType = sourcecode.swift; path = LibraryModel.swift; sourceTree = "<group>"; };
		6F77B72485BD95F70BB2865E /* VideoDownloaderApp.swift */ = {isa = PBXFileReference; lastKnownFileType = sourcecode.swift; path = VideoDownloaderApp.swift; sourceTree = "<group>"; };
		752389172F413758213363C6 /* PlaylistResolver.swift */ = {isa = PBXFileReference; lastKnownFileType = sourcecode.swift; path = PlaylistResolver.swift; sourceTree = "<group>"; };
		930F0E9378F0EF07A9308F79 /* QueueModel.swift */ = {isa = PBXFileReference; lastKnownFileType = sourcecode.swift; path = QueueModel.swift; sourceTree = "<group>"; };
		AE6DAE721795617B6D2F10A7 /* YTDLPRunner.swift */ = {isa = PBXFileReference; lastKnownFileType = sourcecode.swift; path = YTDLPRunner.swift; sourceTree = "<group>"; };
		AEE9E962FE14B5529F70B85C /* DriveCheck.swift */ = {isa = PBXFileReference; lastKnownFileType = sourcecode.swift; path = DriveCheck.swift; sourceTree = "<group>"; };
		B4274F80A5D9864A23E6A657 /* Updater.swift */ = {isa = PBXFileReference; lastKnownFileType = sourcecode.swift; path = Updater.swift; sourceTree = "<group>"; };
		B6C3A63F5F631680D554BDF0 /* SidecarJSON.swift */ = {isa = PBXFileReference; lastKnownFileType = sourcecode.swift; path = SidecarJSON.swift; sourceTree = "<group>"; };
		CDB3A42F902A2C03EE258B85 /* VideoDownloader.app */ = {isa = PBXFileReference; explicitFileType = wrapper.application; includeInIndex = 0; path = VideoDownloader.app; sourceTree = BUILT_PRODUCTS_DIR; };
		DE03AD2EDD68D6A4180AD93C /* DownloadFormatTests.swift */ = {isa = PBXFileReference; lastKnownFileType = sourcecode.swift; path = DownloadFormatTests.swift; sourceTree = "<group>"; };
		F75B8A48CFFA0A5B27324E9B /* ProgressParser.swift */ = {isa = PBXFileReference; lastKnownFileType = sourcecode.swift; path = ProgressParser.swift; sourceTree = "<group>"; };
		F91073F0D7B9E4178B46E33A /* FormatProbe.swift */ = {isa = PBXFileReference; lastKnownFileType = sourcecode.swift; path = FormatProbe.swift; sourceTree = "<group>"; };
		FB264BCCB3B83E49228819F3 /* FFmpegRunner.swift */ = {isa = PBXFileReference; lastKnownFileType = sourcecode.swift; path = FFmpegRunner.swift; sourceTree = "<group>"; };
/* End PBXFileReference section */

/* Begin PBXGroup section */
		125C929B29F2B3646E724BBB /* Products */ = {
			isa = PBXGroup;
			children = (
				CDB3A42F902A2C03EE258B85 /* VideoDownloader.app */,
				5A422EF2A2C3B0409D041D1D /* VideoDownloaderTests.xctest */,
			);
			name = Products;
			sourceTree = "<group>";
		};
		2ADA7799E768EA19F334BDBD /* Backend */ = {
			isa = PBXGroup;
			children = (
				01BA9DD516EB837459A0A13B /* BinaryLocator.swift */,
				FB264BCCB3B83E49228819F3 /* FFmpegRunner.swift */,
				F91073F0D7B9E4178B46E33A /* FormatProbe.swift */,
				752389172F413758213363C6 /* PlaylistResolver.swift */,
				F75B8A48CFFA0A5B27324E9B /* ProgressParser.swift */,
				58EF64CC45255D5C7C7D2EED /* SidecarWriter.swift */,
				B4274F80A5D9864A23E6A657 /* Updater.swift */,
				3E5DA7CF1ED3C01C546D0E82 /* URLClassifier.swift */,
				AE6DAE721795617B6D2F10A7 /* YTDLPRunner.swift */,
			);
			path = Backend;
			sourceTree = "<group>";
		};
		2BDAF06B9C2D0BCF144C92F5 /* Resources */ = {
			isa = PBXGroup;
			children = (
				3995AC32D7E79E8F9AC79516 /* bin */,
			);
			path = Resources;
			sourceTree = "<group>";
		};
		2DFE2F2EF9311852C15F3B0D /* App */ = {
			isa = PBXGroup;
			children = (
				6F77B72485BD95F70BB2865E /* VideoDownloaderApp.swift */,
			);
			path = App;
			sourceTree = "<group>";
		};
		4FE379272F0713C48CA0744A /* VideoDownloaderTests */ = {
			isa = PBXGroup;
			children = (
				DE03AD2EDD68D6A4180AD93C /* DownloadFormatTests.swift */,
				64D8FEB80E0F3CBD9C3E081B /* FormatProbeTests.swift */,
				5D36C32677310BE9EF0F5819 /* ProgressParserTests.swift */,
				22BA51AE442BED87728E92BD /* SidecarJSONTests.swift */,
				5119CE3F1DA6C70E3AB2651C /* URLClassifierTests.swift */,
				12AF7E3DD31EFF586A02E1CB /* VideoDownloaderTests.swift */,
				4129347307FEDCB6F98C507A /* XCTAssertEqualOptional.swift */,
			);
			path = VideoDownloaderTests;
			sourceTree = "<group>";
		};
		655FD70DD1E5C8E0EEC76931 /* VideoDownloader */ = {
			isa = PBXGroup;
			children = (
				2DFE2F2EF9311852C15F3B0D /* App */,
				2ADA7799E768EA19F334BDBD /* Backend */,
				AEB2B294FB12B5BC1341F350 /* Library */,
				C910BBB4E03CC69F6C2BCC80 /* Model */,
				D5DF72658E6641618FA6DEEF /* Queue */,
				2BDAF06B9C2D0BCF144C92F5 /* Resources */,
				F3E28BEAA4A221626DA3E226 /* Transcription */,
				8117BF75DD3365143F7DE202 /* Util */,
			);
			path = VideoDownloader;
			sourceTree = "<group>";
		};
		8117BF75DD3365143F7DE202 /* Util */ = {
			isa = PBXGroup;
			children = (
				5E147CC5253E4610E310F1CB /* DiskSpace.swift */,
				AEE9E962FE14B5529F70B85C /* DriveCheck.swift */,
			);
			path = Util;
			sourceTree = "<group>";
		};
		AEB2B294FB12B5BC1341F350 /* Library */ = {
			isa = PBXGroup;
			children = (
				697988F0301816A4FC134EA7 /* LibraryModel.swift */,
			);
			path = Library;
			sourceTree = "<group>";
		};
		C910BBB4E03CC69F6C2BCC80 /* Model */ = {
			isa = PBXGroup;
			children = (
				384F2E9FFDB66551068CDA3A /* DownloadFormat.swift */,
				5EEA4AB8BDF7C2D8020F95EB /* MediaItem.swift */,
				B6C3A63F5F631680D554BDF0 /* SidecarJSON.swift */,
				4C5313CB1975DCC2C0F1132E /* SiteSource.swift */,
			);
			path = Model;
			sourceTree = "<group>";
		};
		D5DF72658E6641618FA6DEEF /* Queue */ = {
			isa = PBXGroup;
			children = (
				930F0E9378F0EF07A9308F79 /* QueueModel.swift */,
			);
			path = Queue;
			sourceTree = "<group>";
		};
		ECCE3A4679F2983DC91D0872 = {
			isa = PBXGroup;
			children = (
				655FD70DD1E5C8E0EEC76931 /* VideoDownloader */,
				4FE379272F0713C48CA0744A /* VideoDownloaderTests */,
				125C929B29F2B3646E724BBB /* Products */,
			);
			sourceTree = "<group>";
		};
		F3E28BEAA4A221626DA3E226 /* Transcription */ = {
			isa = PBXGroup;
			children = (
				0EBF985223CD90A470585193 /* TranscriptionEngineLauncher.swift */,
			);
			path = Transcription;
			sourceTree = "<group>";
		};
/* End PBXGroup section */

/* Begin PBXNativeTarget section */
		0E020923ED467261C25442BB /* VideoDownloader */ = {
			isa = PBXNativeTarget;
			buildConfigurationList = A43FD1B0F618523A54B3BC08 /* Build configuration list for PBXNativeTarget "VideoDownloader" */;
			buildPhases = (
				DEFA7383480CAC7DB5DB42F9 /* Sources */,
				40EF99A68546CFE698A75B7F /* Resources */,
			);
			buildRules = (
			);
			dependencies = (
			);
			name = VideoDownloader;
			packageProductDependencies = (
			);
			productName = VideoDownloader;
			productReference = CDB3A42F902A2C03EE258B85 /* VideoDownloader.app */;
			productType = "com.apple.product-type.application";
		};
		D61B0073B944590EAE34F7ED /* VideoDownloaderTests */ = {
			isa = PBXNativeTarget;
			buildConfigurationList = 84CE3B5EAC269C59704F2004 /* Build configuration list for PBXNativeTarget "VideoDownloaderTests" */;
			buildPhases = (
				2882AAC304BCB4F27461F49D /* Sources */,
			);
			buildRules = (
			);
			dependencies = (
				FEF92E2BC41B2AADF80194C5 /* PBXTargetDependency */,
			);
			name = VideoDownloaderTests;
			packageProductDependencies = (
			);
			productName = VideoDownloaderTests;
			productReference = 5A422EF2A2C3B0409D041D1D /* VideoDownloaderTests.xctest */;
			productType = "com.apple.product-type.bundle.unit-test";
		};
/* End PBXNativeTarget section */

/* Begin PBXProject section */
		3181598F6E68DE9779C5799F /* Project object */ = {
			isa = PBXProject;
			attributes = {
				BuildIndependentTargetsInParallel = YES;
				LastUpgradeCheck = 1430;
				TargetAttributes = {
					0E020923ED467261C25442BB = {
						ProvisioningStyle = Automatic;
					};
				};
			};
			buildConfigurationList = 443082B8144E8335F48B6B29 /* Build configuration list for PBXProject "VideoDownloader" */;
			compatibilityVersion = "Xcode 14.0";
			developmentRegion = en;
			hasScannedForEncodings = 0;
			knownRegions = (
				Base,
				en,
			);
			mainGroup = ECCE3A4679F2983DC91D0872;
			minimizedProjectReferenceProxies = 1;
			preferredProjectObjectVersion = 77;
			projectDirPath = "";
			projectRoot = "";
			targets = (
				0E020923ED467261C25442BB /* VideoDownloader */,
				D61B0073B944590EAE34F7ED /* VideoDownloaderTests */,
			);
		};
/* End PBXProject section */

/* Begin PBXResourcesBuildPhase section */
		40EF99A68546CFE698A75B7F /* Resources */ = {
			isa = PBXResourcesBuildPhase;
			buildActionMask = 2147483647;
			files = (
				44D85B371ACACC4C5C93C18C /* bin in Resources */,
			);
			runOnlyForDeploymentPostprocessing = 0;
		};
/* End PBXResourcesBuildPhase section */

/* Begin PBXSourcesBuildPhase section */
		2882AAC304BCB4F27461F49D /* Sources */ = {
			isa = PBXSourcesBuildPhase;
			buildActionMask = 2147483647;
			files = (
				1D2AE60A87B33C8EEC6D666D /* DownloadFormatTests.swift in Sources */,
				30B8364EA68B508C06CA4A64 /* FormatProbeTests.swift in Sources */,
				FB55AEC534CF3B3FE34F0BCE /* ProgressParserTests.swift in Sources */,
				B479BB98FE9E6DDA22B1D00E /* SidecarJSONTests.swift in Sources */,
				51581AB4FAE1638F369E69D2 /* URLClassifierTests.swift in Sources */,
				73C404B398581040C7D19785 /* VideoDownloaderTests.swift in Sources */,
				214DAEC17727A224E3CE409B /* XCTAssertEqualOptional.swift in Sources */,
			);
			runOnlyForDeploymentPostprocessing = 0;
		};
		DEFA7383480CAC7DB5DB42F9 /* Sources */ = {
			isa = PBXSourcesBuildPhase;
			buildActionMask = 2147483647;
			files = (
				2F885DBB0AC8F43EA911EA77 /* BinaryLocator.swift in Sources */,
				07F07276EB6A644E274D49E7 /* DiskSpace.swift in Sources */,
				3EC29B4EFC66C1DAFA4B06C4 /* DownloadFormat.swift in Sources */,
				5F7E40D96881E439A2AB55C8 /* DriveCheck.swift in Sources */,
				5EEF792261F75276B2ECAFBF /* FFmpegRunner.swift in Sources */,
				F6770C78FADF3DB23493E61F /* FormatProbe.swift in Sources */,
				EAB48D1A819C3423DFC58468 /* LibraryModel.swift in Sources */,
				0B5DCAFE8C2826103D70EC77 /* MediaItem.swift in Sources */,
				4DC57A392A431B155A14D85D /* PlaylistResolver.swift in Sources */,
				607658E06CB1234648BA17AE /* ProgressParser.swift in Sources */,
				451E37BB55FE17B222FACE28 /* QueueModel.swift in Sources */,
				25BB2EDD09AFD001CF71F591 /* SidecarJSON.swift in Sources */,
				CAED2E2D4FAD8E6E70D3574E /* SidecarWriter.swift in Sources */,
				6B69A9875D5E4A24047D396C /* SiteSource.swift in Sources */,
				06FEDCD7C0B9E330FD7446B1 /* TranscriptionEngineLauncher.swift in Sources */,
				5EC757897512649D1D8BFCA6 /* URLClassifier.swift in Sources */,
				ADA47E6D709FC91B57C60946 /* Updater.swift in Sources */,
				5E84CFA3A476AB4B47440D73 /* VideoDownloaderApp.swift in Sources */,
				882300AB6DAC02F31DEFFD77 /* YTDLPRunner.swift in Sources */,
			);
			runOnlyForDeploymentPostprocessing = 0;
		};
/* End PBXSourcesBuildPhase section */

/* Begin PBXTargetDependency section */
		FEF92E2BC41B2AADF80194C5 /* PBXTargetDependency */ = {
			isa = PBXTargetDependency;
			target = 0E020923ED467261C25442BB /* VideoDownloader */;
			targetProxy = 37ED72B7154FC3CC39055080 /* PBXContainerItemProxy */;
		};
/* End PBXTargetDependency section */

/* Begin XCBuildConfiguration section */
		48B7E6D133C141729F37D822 /* Release */ = {
			isa = XCBuildConfiguration;
			buildSettings = {
				ASSETCATALOG_COMPILER_APPICON_NAME = AppIcon;
				CODE_SIGN_STYLE = Automatic;
				COMBINE_HIDPI_IMAGES = YES;
				ENABLE_HARDENED_RUNTIME = YES;
				ENABLE_USER_SCRIPT_SANDBOXING = NO;
				GENERATE_INFOPLIST_FILE = YES;
				INFOPLIST_KEY_CFBundleDisplayName = "Video Downloader";
				INFOPLIST_KEY_LSMinimumSystemVersion = "$(MACOSX_DEPLOYMENT_TARGET)";
				INFOPLIST_KEY_NSHumanReadableCopyright = "";
				INFOPLIST_KEY_NSPrincipalClass = NSApplication;
				LD_RUNPATH_SEARCH_PATHS = (
					"$(inherited)",
					"@executable_path/../Frameworks",
				);
				PRODUCT_BUNDLE_IDENTIFIER = com.fascinatedbyeverything.VideoDownloader;
				PRODUCT_NAME = VideoDownloader;
				SDKROOT = macosx;
			};
			name = Release;
		};
		6C191B5B9B0DE658C3429D55 /* Debug */ = {
			isa = XCBuildConfiguration;
			buildSettings = {
				ASSETCATALOG_COMPILER_APPICON_NAME = AppIcon;
				CODE_SIGN_STYLE = Automatic;
				COMBINE_HIDPI_IMAGES = YES;
				ENABLE_HARDENED_RUNTIME = YES;
				ENABLE_USER_SCRIPT_SANDBOXING = NO;
				GENERATE_INFOPLIST_FILE = YES;
				INFOPLIST_KEY_CFBundleDisplayName = "Video Downloader";
				INFOPLIST_KEY_LSMinimumSystemVersion = "$(MACOSX_DEPLOYMENT_TARGET)";
				INFOPLIST_KEY_NSHumanReadableCopyright = "";
				INFOPLIST_KEY_NSPrincipalClass = NSApplication;
				LD_RUNPATH_SEARCH_PATHS = (
					"$(inherited)",
					"@executable_path/../Frameworks",
				);
				PRODUCT_BUNDLE_IDENTIFIER = com.fascinatedbyeverything.VideoDownloader;
				PRODUCT_NAME = VideoDownloader;
				SDKROOT = macosx;
			};
			name = Debug;
		};
		803D1BA978632D0BE18DAFA3 /* Release */ = {
			isa = XCBuildConfiguration;
			buildSettings = {
				ALWAYS_SEARCH_USER_PATHS = NO;
				CLANG_ANALYZER_NONNULL = YES;
				CLANG_ANALYZER_NUMBER_OBJECT_CONVERSION = YES_AGGRESSIVE;
				CLANG_CXX_LANGUAGE_STANDARD = "gnu++14";
				CLANG_CXX_LIBRARY = "libc++";
				CLANG_ENABLE_MODULES = YES;
				CLANG_ENABLE_OBJC_ARC = YES;
				CLANG_ENABLE_OBJC_WEAK = YES;
				CLANG_WARN_BLOCK_CAPTURE_AUTORELEASING = YES;
				CLANG_WARN_BOOL_CONVERSION = YES;
				CLANG_WARN_COMMA = YES;
				CLANG_WARN_CONSTANT_CONVERSION = YES;
				CLANG_WARN_DEPRECATED_OBJC_IMPLEMENTATIONS = YES;
				CLANG_WARN_DIRECT_OBJC_ISA_USAGE = YES_ERROR;
				CLANG_WARN_DOCUMENTATION_COMMENTS = YES;
				CLANG_WARN_EMPTY_BODY = YES;
				CLANG_WARN_ENUM_CONVERSION = YES;
				CLANG_WARN_INFINITE_RECURSION = YES;
				CLANG_WARN_INT_CONVERSION = YES;
				CLANG_WARN_NON_LITERAL_NULL_CONVERSION = YES;
				CLANG_WARN_OBJC_IMPLICIT_RETAIN_SELF = YES;
				CLANG_WARN_OBJC_LITERAL_CONVERSION = YES;
				CLANG_WARN_OBJC_ROOT_CLASS = YES_ERROR;
				CLANG_WARN_QUOTED_INCLUDE_IN_FRAMEWORK_HEADER = YES;
				CLANG_WARN_RANGE_LOOP_ANALYSIS = YES;
				CLANG_WARN_STRICT_PROTOTYPES = YES;
				CLANG_WARN_SUSPICIOUS_MOVE = YES;
				CLANG_WARN_UNGUARDED_AVAILABILITY = YES_AGGRESSIVE;
				CLANG_WARN_UNREACHABLE_CODE = YES;
				CLANG_WARN__DUPLICATE_METHOD_MATCH = YES;
				COPY_PHASE_STRIP = NO;
				CURRENT_PROJECT_VERSION = 1;
				DEBUG_INFORMATION_FORMAT = "dwarf-with-dsym";
				ENABLE_NS_ASSERTIONS = NO;
				ENABLE_STRICT_OBJC_MSGSEND = YES;
				GCC_C_LANGUAGE_STANDARD = gnu11;
				GCC_NO_COMMON_BLOCKS = YES;
				GCC_WARN_64_TO_32_BIT_CONVERSION = YES;
				GCC_WARN_ABOUT_RETURN_TYPE = YES_ERROR;
				GCC_WARN_UNDECLARED_SELECTOR = YES;
				GCC_WARN_UNINITIALIZED_AUTOS = YES_AGGRESSIVE;
				GCC_WARN_UNUSED_FUNCTION = YES;
				GCC_WARN_UNUSED_VARIABLE = YES;
				MACOSX_DEPLOYMENT_TARGET = 14.0;
				MARKETING_VERSION = 1.0;
				MTL_ENABLE_DEBUG_INFO = NO;
				MTL_FAST_MATH = YES;
				PRODUCT_NAME = "$(TARGET_NAME)";
				SDKROOT = macosx;
				SWIFT_COMPILATION_MODE = wholemodule;
				SWIFT_OPTIMIZATION_LEVEL = "-O";
				SWIFT_VERSION = 6.0;
			};
			name = Release;
		};
		88077DAF59E93FD6FCF4B5CA /* Debug */ = {
			isa = XCBuildConfiguration;
			buildSettings = {
				BUNDLE_LOADER = "$(TEST_HOST)";
				COMBINE_HIDPI_IMAGES = YES;
				GENERATE_INFOPLIST_FILE = YES;
				LD_RUNPATH_SEARCH_PATHS = (
					"$(inherited)",
					"@executable_path/../Frameworks",
					"@loader_path/../Frameworks",
				);
				PRODUCT_BUNDLE_IDENTIFIER = com.fascinatedbyeverything.VideoDownloaderTests;
				SDKROOT = macosx;
				TEST_HOST = "$(BUILT_PRODUCTS_DIR)/VideoDownloader.app/Contents/MacOS/VideoDownloader";
			};
			name = Debug;
		};
		B42AE417A507C8BE57DC8673 /* Debug */ = {
			isa = XCBuildConfiguration;
			buildSettings = {
				ALWAYS_SEARCH_USER_PATHS = NO;
				CLANG_ANALYZER_NONNULL = YES;
				CLANG_ANALYZER_NUMBER_OBJECT_CONVERSION = YES_AGGRESSIVE;
				CLANG_CXX_LANGUAGE_STANDARD = "gnu++14";
				CLANG_CXX_LIBRARY = "libc++";
				CLANG_ENABLE_MODULES = YES;
				CLANG_ENABLE_OBJC_ARC = YES;
				CLANG_ENABLE_OBJC_WEAK = YES;
				CLANG_WARN_BLOCK_CAPTURE_AUTORELEASING = YES;
				CLANG_WARN_BOOL_CONVERSION = YES;
				CLANG_WARN_COMMA = YES;
				CLANG_WARN_CONSTANT_CONVERSION = YES;
				CLANG_WARN_DEPRECATED_OBJC_IMPLEMENTATIONS = YES;
				CLANG_WARN_DIRECT_OBJC_ISA_USAGE = YES_ERROR;
				CLANG_WARN_DOCUMENTATION_COMMENTS = YES;
				CLANG_WARN_EMPTY_BODY = YES;
				CLANG_WARN_ENUM_CONVERSION = YES;
				CLANG_WARN_INFINITE_RECURSION = YES;
				CLANG_WARN_INT_CONVERSION = YES;
				CLANG_WARN_NON_LITERAL_NULL_CONVERSION = YES;
				CLANG_WARN_OBJC_IMPLICIT_RETAIN_SELF = YES;
				CLANG_WARN_OBJC_LITERAL_CONVERSION = YES;
				CLANG_WARN_OBJC_ROOT_CLASS = YES_ERROR;
				CLANG_WARN_QUOTED_INCLUDE_IN_FRAMEWORK_HEADER = YES;
				CLANG_WARN_RANGE_LOOP_ANALYSIS = YES;
				CLANG_WARN_STRICT_PROTOTYPES = YES;
				CLANG_WARN_SUSPICIOUS_MOVE = YES;
				CLANG_WARN_UNGUARDED_AVAILABILITY = YES_AGGRESSIVE;
				CLANG_WARN_UNREACHABLE_CODE = YES;
				CLANG_WARN__DUPLICATE_METHOD_MATCH = YES;
				COPY_PHASE_STRIP = NO;
				CURRENT_PROJECT_VERSION = 1;
				DEBUG_INFORMATION_FORMAT = dwarf;
				ENABLE_STRICT_OBJC_MSGSEND = YES;
				ENABLE_TESTABILITY = YES;
				GCC_C_LANGUAGE_STANDARD = gnu11;
				GCC_DYNAMIC_NO_PIC = NO;
				GCC_NO_COMMON_BLOCKS = YES;
				GCC_OPTIMIZATION_LEVEL = 0;
				GCC_PREPROCESSOR_DEFINITIONS = (
					"$(inherited)",
					"DEBUG=1",
				);
				GCC_WARN_64_TO_32_BIT_CONVERSION = YES;
				GCC_WARN_ABOUT_RETURN_TYPE = YES_ERROR;
				GCC_WARN_UNDECLARED_SELECTOR = YES;
				GCC_WARN_UNINITIALIZED_AUTOS = YES_AGGRESSIVE;
				GCC_WARN_UNUSED_FUNCTION = YES;
				GCC_WARN_UNUSED_VARIABLE = YES;
				MACOSX_DEPLOYMENT_TARGET = 14.0;
				MARKETING_VERSION = 1.0;
				MTL_ENABLE_DEBUG_INFO = INCLUDE_SOURCE;
				MTL_FAST_MATH = YES;
				ONLY_ACTIVE_ARCH = YES;
				PRODUCT_NAME = "$(TARGET_NAME)";
				SDKROOT = macosx;
				SWIFT_ACTIVE_COMPILATION_CONDITIONS = DEBUG;
				SWIFT_OPTIMIZATION_LEVEL = "-Onone";
				SWIFT_VERSION = 6.0;
			};
			name = Debug;
		};
		BEF41AD6EADDC247FECA14B6 /* Release */ = {
			isa = XCBuildConfiguration;
			buildSettings = {
				BUNDLE_LOADER = "$(TEST_HOST)";
				COMBINE_HIDPI_IMAGES = YES;
				GENERATE_INFOPLIST_FILE = YES;
				LD_RUNPATH_SEARCH_PATHS = (
					"$(inherited)",
					"@executable_path/../Frameworks",
					"@loader_path/../Frameworks",
				);
				PRODUCT_BUNDLE_IDENTIFIER = com.fascinatedbyeverything.VideoDownloaderTests;
				SDKROOT = macosx;
				TEST_HOST = "$(BUILT_PRODUCTS_DIR)/VideoDownloader.app/Contents/MacOS/VideoDownloader";
			};
			name = Release;
		};
/* End XCBuildConfiguration section */

/* Begin XCConfigurationList section */
		443082B8144E8335F48B6B29 /* Build configuration list for PBXProject "VideoDownloader" */ = {
			isa = XCConfigurationList;
			buildConfigurations = (
				B42AE417A507C8BE57DC8673 /* Debug */,
				803D1BA978632D0BE18DAFA3 /* Release */,
			);
			defaultConfigurationIsVisible = 0;
			defaultConfigurationName = Debug;
		};
		84CE3B5EAC269C59704F2004 /* Build configuration list for PBXNativeTarget "VideoDownloaderTests" */ = {
			isa = XCConfigurationList;
			buildConfigurations = (
				88077DAF59E93FD6FCF4B5CA /* Debug */,
				BEF41AD6EADDC247FECA14B6 /* Release */,
			);
			defaultConfigurationIsVisible = 0;
			defaultConfigurationName = Debug;
		};
		A43FD1B0F618523A54B3BC08 /* Build configuration list for PBXNativeTarget "VideoDownloader" */ = {
			isa = XCConfigurationList;
			buildConfigurations = (
				6C191B5B9B0DE658C3429D55 /* Debug */,
				48B7E6D133C141729F37D822 /* Release */,
			);
			defaultConfigurationIsVisible = 0;
			defaultConfigurationName = Debug;
		};
/* End XCConfigurationList section */
	};
	rootObject = 3181598F6E68DE9779C5799F /* Project object */;
}
